
Microsoft Visual Studio Solution File, Format Version 12.00
# Visual Studio Version 17
VisualStudioVersion = 17.0.31912.275
MinimumVisualStudioVersion = 10.0.40219.1
Project("{FAE04EC0-301F-11D3-BF4B-00C04F79EFBC}") = "GameClient", "GameClient\GameClient.csproj", "{13C11CDF-DFFC-4B3E-A816-156A6D36955A}"
EndProject
Project("{FAE04EC0-301F-11D3-BF4B-00C04F79EFBC}") = "GameLobbyLib", "gamelobbyLib\GameLobbyLib.csproj", "{48A44000-ED5C-4309-ACA2-55F103D04E0D}"
EndProject
Project("{FAE04EC0-301F-11D3-BF4B-00C04F79EFBC}") = "BusinessLayer", "GameServer\BusinessLayer.csproj", "{F55BEF54-1050-4B81-87F8-6C28B8C72546}"
EndProject
Project("{FAE04EC0-301F-11D3-BF4B-00C04F79EFBC}") = "DataLayer", "DataLayer\DataLayer.csproj", "{58C9204B-7068-433C-A36C-93FCBE8F25D0}"
EndProject
Global
	GlobalSection(SolutionConfigurationPlatforms) = preSolution
		Debug|Any CPU = Debug|Any CPU
		Release|Any CPU = Release|Any CPU
	EndGlobalSection
	GlobalSection(ProjectConfigurationPlatforms) = postSolution
		{13C11CDF-DFFC-4B3E-A816-156A6D36955A}.Debug|Any CPU.ActiveCfg = Debug|Any CPU
		{13C11CDF-DFFC-4B3E-A816-156A6D36955A}.Debug|Any CPU.Build.0 = Debug|Any CPU
		{13C11CDF-DFFC-4B3E-A816-156A6D36955A}.Release|Any CPU.ActiveCfg = Release|Any CPU
		{13C11CDF-DFFC-4B3E-A816-156A6D36955A}.Release|Any CPU.Build.0 = Release|Any CPU
		{48A44000-ED5C-4309-ACA2-55F103D04E0D}.Debug|Any CPU.ActiveCfg = Debug|Any CPU
		{48A44000-ED5C-4309-ACA2-55F103D04E0D}.Debug|Any CPU.Build.0 = Debug|Any CPU
		{48A44000-ED5C-4309-ACA2-55F103D04E0D}.Release|Any CPU.ActiveCfg = Release|Any CPU
		{48A44000-ED5C-4309-ACA2-55F103D04E0D}.Release|Any CPU.Build.0 = Release|Any CPU
		{F55BEF54-1050-4B81-87F8-6C28B8C72546}.Debug|Any CPU.ActiveCfg = Debug|Any CPU
		{F55BEF54-1050-4B81-87F8-6C28B8C72546}.Debug|Any CPU.Build.0 = Debug|Any CPU
		{F55BEF54-1050-4B81-87F8-6C28B8C72546}.Release|Any CPU.ActiveCfg = Release|Any CPU
		{F55BEF54-1050-4B81-87F8-6C28B8C72546}.Release|Any CPU.Build.0 = Release|Any CPU
		{58C9204B-7068-433C-A36C-93FCBE8F25D0}.Debug|Any CPU.ActiveCfg = Debug|Any CPU
		{58C9204B-7068-433C-A36C-93FCBE8F25D0}.Debug|Any CPU.Build.0 = Debug|Any CPU
		{58C9204B-7068-433C-A36C-93FCBE8F25D0}.Release|Any CPU.ActiveCfg = Release|Any CPU
		{58C9204B-7068-433C-A36C-93FCBE8F25D0}.Release|Any CPU.Build.0 = Release|Any CPU
	EndGlobalSection
	GlobalSection(SolutionProperties) = preSolution
		HideSolutionNode = FALSE
	EndGlobalSection
	GlobalSection(ExtensibilityGlobals) = postSolution
		SolutionGuid = {D3179142-DB7C-4F16-99D8-4BD7C34FE8F5}
	EndGlobalSection
EndGlobal
